// !$*UTF8*$!
{
	archiveVersion = 1;
	classes = {
	};
	objectVersion = 55;
	objects = {

/* Begin PBXBuildFile section */
		9535C1A9285EE68000E5CA39 /* Comment.swift in Sources */ = {isa = PBXBuildFile; fileRef = 9535C1A8285EE68000E5CA39 /* Comment.swift */; };
		9593F38D28608BE6009664C4 /* CustumCell.swift in Sources */ = {isa = PBXBuildFile; fileRef = 9593F38B28608BE6009664C4 /* CustumCell.swift */; };
		9593F38E28608BE6009664C4 /* CustumCell.xib in Resources */ = {isa = PBXBuildFile; fileRef = 9593F38C28608BE6009664C4 /* CustumCell.xib */; };
		95BA048F285DC1B000E398EE /* AppDelegate.swift in Sources */ = {isa = PBXBuildFile; fileRef = 95BA048E285DC1B000E398EE /* AppDelegate.swift */; };
		95BA0491285DC1B000E398EE /* SceneDelegate.swift in Sources */ = {isa = PBXBuildFile; fileRef = 95BA0490285DC1B000E398EE /* SceneDelegate.swift */; };
		95BA0493285DC1B000E398EE /* ViewController.swift in Sources */ = {isa = PBXBuildFile; fileRef = 95BA0492285DC1B000E398EE /* ViewController.swift */; };
		95BA0496285DC1B000E398EE /* Main.storyboard in Resources */ = {isa = PBXBuildFile; fileRef = 95BA0494285DC1B000E398EE /* Main.storyboard */; };
		95BA0498285DC1B100E398EE /* Assets.xcassets in Resources */ = {isa = PBXBuildFile; fileRef = 95BA0497285DC1B100E398EE /* Assets.xcassets */; };
		95BA049B285DC1B100E398EE /* LaunchScreen.storyboard in Resources */ = {isa = PBXBuildFile; fileRef = 95BA0499285DC1B100E398EE /* LaunchScreen.storyboard */; };
		95BA04A6285DC39800E398EE /* LoginViewController.swift in Sources */ = {isa = PBXBuildFile; fileRef = 95BA04A5285DC39800E398EE /* LoginViewController.swift */; };
		95BA04A8285DCEED00E398EE /* GoogleService-Info.plist in Resources */ = {isa = PBXBuildFile; fileRef = 95BA04A7285DCEED00E398EE /* GoogleService-Info.plist */; };
		95BA04AA285EA1C400E398EE /* CheckViewController.swift in Sources */ = {isa = PBXBuildFile; fileRef = 95BA04A9285EA1C400E398EE /* CheckViewController.swift */; };
		95BA04AC285EA5F100E398EE /* Answers.swift in Sources */ = {isa = PBXBuildFile; fileRef = 95BA04AB285EA5F100E398EE /* Answers.swift */; };
		95BA04AE285EBC4700E398EE /* CommentViewController.swift in Sources */ = {isa = PBXBuildFile; fileRef = 95BA04AD285EBC4700E398EE /* CommentViewController.swift */; };
		C88F9403B5F69DE82976071E /* Pods_FireStoreBasic.framework in Frameworks */ = {isa = PBXBuildFile; fileRef = 6F807E5E06E27B54D7117431 /* Pods_FireStoreBasic.framework */; };
/* End PBXBuildFile section */

/* Begin PBXFileReference section */
		0232A5FC16996BFDDBA52000 /* Pods-FireStoreBasic.debug.xcconfig */ = {isa = PBXFileReference; includeInIndex = 1; lastKnownFileType = text.xcconfig; name = "Pods-FireStoreBasic.debug.xcconfig"; path = "Target Support Files/Pods-FireStoreBasic/Pods-FireStoreBasic.debug.xcconfig"; sourceTree = "<group>"; };
		6F807E5E06E27B54D7117431 /* Pods_FireStoreBasic.framework */ = {isa = PBXFileReference; explicitFileType = wrapper.framework; includeInIndex = 0; path = Pods_FireStoreBasic.framework; sourceTree = BUILT_PRODUCTS_DIR; };
		9535C1A8285EE68000E5CA39 /* Comment.swift */ = {isa = PBXFileReference; lastKnownFileType = sourcecode.swift; path = Comment.swift; sourceTree = "<group>"; };
		9593F38B28608BE6009664C4 /* CustumCell.swift */ = {isa = PBXFileReference; lastKnownFileType = sourcecode.swift; path = CustumCell.swift; sourceTree = "<group>"; };
		9593F38C28608BE6009664C4 /* CustumCell.xib */ = {isa = PBXFileReference; lastKnownFileType = file.xib; path = CustumCell.xib; sourceTree = "<group>"; };
		95BA048B285DC1B000E398EE /* FireStoreBasic.app */ = {isa = PBXFileReference; explicitFileType = wrapper.application; includeInIndex = 0; path = FireStoreBasic.app; sourceTree = BUILT_PRODUCTS_DIR; };
		95BA048E285DC1B000E398EE /* AppDelegate.swift */ = {isa = PBXFileReference; lastKnownFileType = sourcecode.swift; path = AppDelegate.swift; sourceTree = "<group>"; };
		95BA0490285DC1B000E398EE /* SceneDelegate.swift */ = {isa = PBXFileReference; lastKnownFileType = sourcecode.swift; path = SceneDelegate.swift; sourceTree = "<group>"; };
		95BA0492285DC1B000E398EE /* ViewController.swift */ = {isa = PBXFileReference; lastKnownFileType = sourcecode.swift; path = ViewController.swift; sourceTree = "<group>"; };
		95BA0495285DC1B000E398EE /* Base */ = {isa = PBXFileReference; lastKnownFileType = file.storyboard; name = Base; path = Base.lproj/Main.storyboard; sourceTree = "<group>"; };
		95BA0497285DC1B100E398EE /* Assets.xcassets */ = {isa = PBXFileReference; lastKnownFileType = folder.assetcatalog; path = Assets.xcassets; sourceTree = "<group>"; };
		95BA049A285DC1B100E398EE /* Base */ = {isa = PBXFileReference; lastKnownFileType = file.storyboard; name = Base; path = Base.lproj/LaunchScreen.storyboard; sourceTree = "<group>"; };
		95BA049C285DC1B100E398EE /* Info.plist */ = {isa = PBXFileReference; lastKnownFileType = text.plist.xml; path = Info.plist; sourceTree = "<group>"; };
		95BA04A5285DC39800E398EE /* LoginViewController.swift */ = {isa = PBXFileReference; lastKnownFileType = sourcecode.swift; path = LoginViewController.swift; sourceTree = "<group>"; };
		95BA04A7285DCEED00E398EE /* GoogleService-Info.plist */ = {isa = PBXFileReference; fileEncoding = 4; lastKnownFileType = text.plist.xml; path = "GoogleService-Info.plist"; sourceTree = "<group>"; };
		95BA04A9285EA1C400E398EE /* CheckViewController.swift */ = {isa = PBXFileReference; lastKnownFileType = sourcecode.swift; path = CheckViewController.swift; sourceTree = "<group>"; };
		95BA04AB285EA5F100E398EE /* Answers.swift */ = {isa = PBXFileReference; lastKnownFileType = sourcecode.swift; path = Answers.swift; sourceTree = "<group>"; };
		95BA04AD285EBC4700E398EE /* CommentViewController.swift */ = {isa = PBXFileReference; lastKnownFileType = sourcecode.swift; path = CommentViewController.swift; sourceTree = "<group>"; };
		9990E291DEC3C4A6A88EAFE3 /* Pods-FireStoreBasic.release.xcconfig */ = {isa = PBXFileReference; includeInIndex = 1; lastKnownFileType = text.xcconfig; name = "Pods-FireStoreBasic.release.xcconfig"; path = "Target Support Files/Pods-FireStoreBasic/Pods-FireStoreBasic.release.xcconfig"; sourceTree = "<group>"; };
/* End PBXFileReference section */

/* Begin PBXFrameworksBuildPhase section */
		95BA0488285DC1B000E398EE /* Frameworks */ = {
			isa = PBXFrameworksBuildPhase;
			buildActionMask = 2147483647;
			files = (
				C88F9403B5F69DE82976071E /* Pods_FireStoreBasic.framework in Frameworks */,
			);
			runOnlyForDeploymentPostprocessing = 0;
		};
/* End PBXFrameworksBuildPhase section */

/* Begin PBXGroup section */
		46BF2D06ED4077DA541D6B88 /* Pods */ = {
			isa = PBXGroup;
			children = (
				0232A5FC16996BFDDBA52000 /* Pods-FireStoreBasic.debug.xcconfig */,
				9990E291DEC3C4A6A88EAFE3 /* Pods-FireStoreBasic.release.xcconfig */,
			);
			path = Pods;
			sourceTree = "<group>";
		};
		95BA0482285DC1B000E398EE = {
			isa = PBXGroup;
			children = (
				95BA048D285DC1B000E398EE /* FireStoreBasic */,
				95BA048C285DC1B000E398EE /* Products */,
				46BF2D06ED4077DA541D6B88 /* Pods */,
				EDEAC7E2A3909F265A72E16D /* Frameworks */,
			);
			sourceTree = "<group>";
		};
		95BA048C285DC1B000E398EE /* Products */ = {
			isa = PBXGroup;
			children = (
				95BA048B285DC1B000E398EE /* FireStoreBasic.app */,
			);
			name = Products;
			sourceTree = "<group>";
		};
		95BA048D285DC1B000E398EE /* FireStoreBasic */ = {
			isa = PBXGroup;
			children = (
				95BA04A4285DC38500E398EE /* Model */,
				95BA04A3285DC37F00E398EE /* View */,
				95BA04A2285DC37700E398EE /* Controller */,
				95BA0494285DC1B000E398EE /* Main.storyboard */,
				95BA0497285DC1B100E398EE /* Assets.xcassets */,
				95BA0499285DC1B100E398EE /* LaunchScreen.storyboard */,
				95BA04A7285DCEED00E398EE /* GoogleService-Info.plist */,
				95BA049C285DC1B100E398EE /* Info.plist */,
			);
			path = FireStoreBasic;
			sourceTree = "<group>";
		};
		95BA04A2285DC37700E398EE /* Controller */ = {
			isa = PBXGroup;
			children = (
				95BA04A5285DC39800E398EE /* LoginViewController.swift */,
				95BA04A9285EA1C400E398EE /* CheckViewController.swift */,
				95BA0492285DC1B000E398EE /* ViewController.swift */,
				95BA04AD285EBC4700E398EE /* CommentViewController.swift */,
				95BA048E285DC1B000E398EE /* AppDelegate.swift */,
				95BA0490285DC1B000E398EE /* SceneDelegate.swift */,
			);
			path = Controller;
			sourceTree = "<group>";
		};
		95BA04A3285DC37F00E398EE /* View */ = {
			isa = PBXGroup;
			children = (
				9593F38B28608BE6009664C4 /* CustumCell.swift */,
				9593F38C28608BE6009664C4 /* CustumCell.xib */,
			);
			path = View;
			sourceTree = "<group>";
		};
		95BA04A4285DC38500E398EE /* Model */ = {
			isa = PBXGroup;
			children = (
				95BA04AB285EA5F100E398EE /* Answers.swift */,
				9535C1A8285EE68000E5CA39 /* Comment.swift */,
			);
			path = Model;
			sourceTree = "<group>";
		};
		EDEAC7E2A3909F265A72E16D /* Frameworks */ = {
			isa = PBXGroup;
			children = (
				6F807E5E06E27B54D7117431 /* Pods_FireStoreBasic.framework */,
			);
			name = Frameworks;
			sourceTree = "<group>";
		};
/* End PBXGroup section */

/* Begin PBXNativeTarget section */
		95BA048A285DC1B000E398EE /* FireStoreBasic */ = {
			isa = PBXNativeTarget;
			buildConfigurationList = 95BA049F285DC1B100E398EE /* Build configuration list for PBXNativeTarget "FireStoreBasic" */;
			buildPhases = (
				9AF7F45F9984A47930E58980 /* [CP] Check Pods Manifest.lock */,
				95BA0487285DC1B000E398EE /* Sources */,
				95BA0488285DC1B000E398EE /* Frameworks */,
				95BA0489285DC1B000E398EE /* Resources */,
				C60DD6EB628A63594F4A6CAC /* [CP] Embed Pods Frameworks */,
			);
			buildRules = (
			);
			dependencies = (
			);
			name = FireStoreBasic;
			productName = FireStoreBasic;
			productReference = 95BA048B285DC1B000E398EE /* FireStoreBasic.app */;
			productType = "com.apple.product-type.application";
		};
/* End PBXNativeTarget section */

/* Begin PBXProject section */
		95BA0483285DC1B000E398EE /* Project object */ = {
			isa = PBXProject;
			attributes = {
				BuildIndependentTargetsInParallel = 1;
				LastSwiftUpdateCheck = 1340;
				LastUpgradeCheck = 1340;
				TargetAttributes = {
					95BA048A285DC1B000E398EE = {
						CreatedOnToolsVersion = 13.4.1;
					};
				};
			};
			buildConfigurationList = 95BA0486285DC1B000E398EE /* Build configuration list for PBXProject "FireStoreBasic" */;
			compatibilityVersion = "Xcode 13.0";
			developmentRegion = en;
			hasScannedForEncodings = 0;
			knownRegions = (
				en,
				Base,
			);
			mainGroup = 95BA0482285DC1B000E398EE;
			productRefGroup = 95BA048C285DC1B000E398EE /* Products */;
			projectDirPath = "";
			projectRoot = "";
			targets = (
				95BA048A285DC1B000E398EE /* FireStoreBasic */,
			);
		};
/* End PBXProject section */

/* Begin PBXResourcesBuildPhase section */
		95BA0489285DC1B000E398EE /* Resources */ = {
			isa = PBXResourcesBuildPhase;
			buildActionMask = 2147483647;
			files = (
				95BA049B285DC1B100E398EE /* LaunchScreen.storyboard in Resources */,
				95BA04A8285DCEED00E398EE /* GoogleService-Info.plist in Resources */,
				95BA0498285DC1B100E398EE /* Assets.xcassets in Resources */,
				95BA0496285DC1B000E398EE /* Main.storyboard in Resources */,
				9593F38E28608BE6009664C4 /* CustumCell.xib in Resources */,
			);
			runOnlyForDeploymentPostprocessing = 0;
		};
/* End PBXResourcesBuildPhase section */

/* Begin PBXShellScriptBuildPhase section */
		9AF7F45F9984A47930E58980 /* [CP] Check Pods Manifest.lock */ = {
			isa = PBXShellScriptBuildPhase;
			buildActionMask = 2147483647;
			files = (
			);
			inputFileListPaths = (
			);
			inputPaths = (
				"${PODS_PODFILE_DIR_PATH}/Podfile.lock",
				"${PODS_ROOT}/Manifest.lock",
			);
			name = "[CP] Check Pods Manifest.lock";
			outputFileListPaths = (
			);
			outputPaths = (
				"$(DERIVED_FILE_DIR)/Pods-FireStoreBasic-checkManifestLockResult.txt",
			);
			runOnlyForDeploymentPostprocessing = 0;
			shellPath = /bin/sh;
			shellScript = "diff \"${PODS_PODFILE_DIR_PATH}/Podfile.lock\" \"${PODS_ROOT}/Manifest.lock\" > /dev/null\nif [ $? != 0 ] ; then\n    # print error to STDERR\n    echo \"error: The sandbox is not in sync with the Podfile.lock. Run 'pod install' or update your CocoaPods installation.\" >&2\n    exit 1\nfi\n# This output is used by Xcode 'outputs' to avoid re-running this script phase.\necho \"SUCCESS\" > \"${SCRIPT_OUTPUT_FILE_0}\"\n";
			showEnvVarsInLog = 0;
		};
		C60DD6EB628A63594F4A6CAC /* [CP] Embed Pods Frameworks */ = {
			isa = PBXShellScriptBuildPhase;
			buildActionMask = 2147483647;
			files = (
			);
			inputFileListPaths = (
				"${PODS_ROOT}/Target Support Files/Pods-FireStoreBasic/Pods-FireStoreBasic-frameworks-${CONFIGURATION}-input-files.xcfilelist",
			);
			name = "[CP] Embed Pods Frameworks";
			outputFileListPaths = (
				"${PODS_ROOT}/Target Support Files/Pods-FireStoreBasic/Pods-FireStoreBasic-frameworks-${CONFIGURATION}-output-files.xcfilelist",
			);
			runOnlyForDeploymentPostprocessing = 0;
			shellPath = /bin/sh;
			shellScript = "\"${PODS_ROOT}/Target Support Files/Pods-FireStoreBasic/Pods-FireStoreBasic-frameworks.sh\"\n";
			showEnvVarsInLog = 0;
		};
/* End PBXShellScriptBuildPhase section */

/* Begin PBXSourcesBuildPhase section */
		95BA0487285DC1B000E398EE /* Sources */ = {
			isa = PBXSourcesBuildPhase;
			buildActionMask = 2147483647;
			files = (
				95BA04AE285EBC4700E398EE /* CommentViewController.swift in Sources */,
				95BA04A6285DC39800E398EE /* LoginViewController.swift in Sources */,
				95BA04AC285EA5F100E398EE /* Answers.swift in Sources */,
				9535C1A9285EE68000E5CA39 /* Comment.swift in Sources */,
				95BA0493285DC1B000E398EE /* ViewController.swift in Sources */,
				9593F38D28608BE6009664C4 /* CustumCell.swift in Sources */,
				95BA048F285DC1B000E398EE /* AppDelegate.swift in Sources */,
				95BA04AA285EA1C400E398EE /* CheckViewController.swift in Sources */,
				95BA0491285DC1B000E398EE /* SceneDelegate.swift in Sources */,
			);
			runOnlyForDeploymentPostprocessing = 0;
		};
/* End PBXSourcesBuildPhase section */

/* Begin PBXVariantGroup section */
		95BA0494285DC1B000E398EE /* Main.storyboard */ = {
			isa = PBXVariantGroup;
			children = (
				95BA0495285DC1B000E398EE /* Base */,
			);
			name = Main.storyboard;
			sourceTree = "<group>";
		};
		95BA0499285DC1B100E398EE /* LaunchScreen.storyboard */ = {
			isa = PBXVariantGroup;
			children = (
				95BA049A285DC1B100E398EE /* Base */,
			);
			name = LaunchScreen.storyboard;
			sourceTree = "<group>";
		};
/* End PBXVariantGroup section */

/* Begin XCBuildConfiguration section */
		95BA049D285DC1B100E398EE /* Debug */ = {
			isa = XCBuildConfiguration;
			buildSettings = {
				ALWAYS_SEARCH_USER_PATHS = NO;
				CLANG_ANALYZER_NONNULL = YES;
				CLANG_ANALYZER_NUMBER_OBJECT_CONVERSION = YES_AGGRESSIVE;
				CLANG_CXX_LANGUAGE_STANDARD = "gnu++17";
				CLANG_ENABLE_MODULES = YES;
				CLANG_ENABLE_OBJC_ARC = YES;
				CLANG_ENABLE_OBJC_WEAK = YES;
				CLANG_WARN_BLOCK_CAPTURE_AUTORELEASING = YES;
				CLANG_WARN_BOOL_CONVERSION = YES;
				CLANG_WARN_COMMA = YES;
				CLANG_WARN_CONSTANT_CONVERSION = YES;
				CLANG_WARN_DEPRECATED_OBJC_IMPLEMENTATIONS = YES;
				CLANG_WARN_DIRECT_OBJC_ISA_USAGE = YES_ERROR;
				CLANG_WARN_DOCUMENTATION_COMMENTS = YES;
				CLANG_WARN_EMPTY_BODY = YES;
				CLANG_WARN_ENUM_CONVERSION = YES;
				CLANG_WARN_INFINITE_RECURSION = YES;
				CLANG_WARN_INT_CONVERSION = YES;
				CLANG_WARN_NON_LITERAL_NULL_CONVERSION = YES;
				CLANG_WARN_OBJC_IMPLICIT_RETAIN_SELF = YES;
				CLANG_WARN_OBJC_LITERAL_CONVERSION = YES;
				CLANG_WARN_OBJC_ROOT_CLASS = YES_ERROR;
				CLANG_WARN_QUOTED_INCLUDE_IN_FRAMEWORK_HEADER = YES;
				CLANG_WARN_RANGE_LOOP_ANALYSIS = YES;
				CLANG_WARN_STRICT_PROTOTYPES = YES;
				CLANG_WARN_SUSPICIOUS_MOVE = YES;
				CLANG_WARN_UNGUARDED_AVAILABILITY = YES_AGGRESSIVE;
				CLANG_WARN_UNREACHABLE_CODE = YES;
				CLANG_WARN__DUPLICATE_METHOD_MATCH = YES;
				COPY_PHASE_STRIP = NO;
				DEBUG_INFORMATION_FORMAT = dwarf;
				ENABLE_STRICT_OBJC_MSGSEND = YES;
				ENABLE_TESTABILITY = YES;
				GCC_C_LANGUAGE_STANDARD = gnu11;
				GCC_DYNAMIC_NO_PIC = NO;
				GCC_NO_COMMON_BLOCKS = YES;
				GCC_OPTIMIZATION_LEVEL = 0;
				GCC_PREPROCESSOR_DEFINITIONS = (
					"DEBUG=1",
					"$(inherited)",
				);
				GCC_WARN_64_TO_32_BIT_CONVERSION = YES;
				GCC_WARN_ABOUT_RETURN_TYPE = YES_ERROR;
				GCC_WARN_UNDECLARED_SELECTOR = YES;
				GCC_WARN_UNINITIALIZED_AUTOS = YES_AGGRESSIVE;
				GCC_WARN_UNUSED_FUNCTION = YES;
				GCC_WARN_UNUSED_VARIABLE = YES;
				IPHONEOS_DEPLOYMENT_TARGET = 15.5;
				MTL_ENABLE_DEBUG_INFO = INCLUDE_SOURCE;
				MTL_FAST_MATH = YES;
				ONLY_ACTIVE_ARCH = YES;
				SDKROOT = iphoneos;
				SWIFT_ACTIVE_COMPILATION_CONDITIONS = DEBUG;
				SWIFT_OPTIMIZATION_LEVEL = "-Onone";
			};
			name = Debug;
		};
		95BA049E285DC1B100E398EE /* Release */ = {
			isa = XCBuildConfiguration;
			buildSettings = {
				ALWAYS_SEARCH_USER_PATHS = NO;
				CLANG_ANALYZER_NONNULL = YES;
				CLANG_ANALYZER_NUMBER_OBJECT_CONVERSION = YES_AGGRESSIVE;
				CLANG_CXX_LANGUAGE_STANDARD = "gnu++17";
				CLANG_ENABLE_MODULES = YES;
				CLANG_ENABLE_OBJC_ARC = YES;
				CLANG_ENABLE_OBJC_WEAK = YES;
				CLANG_WARN_BLOCK_CAPTURE_AUTORELEASING = YES;
				CLANG_WARN_BOOL_CONVERSION = YES;
				CLANG_WARN_COMMA = YES;
				CLANG_WARN_CONSTANT_CONVERSION = YES;
				CLANG_WARN_DEPRECATED_OBJC_IMPLEMENTATIONS = YES;
				CLANG_WARN_DIRECT_OBJC_ISA_USAGE = YES_ERROR;
				CLANG_WARN_DOCUMENTATION_COMMENTS = YES;
				CLANG_WARN_EMPTY_BODY = YES;
				CLANG_WARN_ENUM_CONVERSION = YES;
				CLANG_WARN_INFINITE_RECURSION = YES;
				CLANG_WARN_INT_CONVERSION = YES;
				CLANG_WARN_NON_LITERAL_NULL_CONVERSION = YES;
				CLANG_WARN_OBJC_IMPLICIT_RETAIN_SELF = YES;
				CLANG_WARN_OBJC_LITERAL_CONVERSION = YES;
				CLANG_WARN_OBJC_ROOT_CLASS = YES_ERROR;
				CLANG_WARN_QUOTED_INCLUDE_IN_FRAMEWORK_HEADER = YES;
				CLANG_WARN_RANGE_LOOP_ANALYSIS = YES;
				CLANG_WARN_STRICT_PROTOTYPES = YES;
				CLANG_WARN_SUSPICIOUS_MOVE = YES;
				CLANG_WARN_UNGUARDED_AVAILABILITY = YES_AGGRESSIVE;
				CLANG_WARN_UNREACHABLE_CODE = YES;
				CLANG_WARN__DUPLICATE_METHOD_MATCH = YES;
				COPY_PHASE_STRIP = NO;
				DEBUG_INFORMATION_FORMAT = "dwarf-with-dsym";
				ENABLE_NS_ASSERTIONS = NO;
				ENABLE_STRICT_OBJC_MSGSEND = YES;
				GCC_C_LANGUAGE_STANDARD = gnu11;
				GCC_NO_COMMON_BLOCKS = YES;
				GCC_WARN_64_TO_32_BIT_CONVERSION = YES;
				GCC_WARN_ABOUT_RETURN_TYPE = YES_ERROR;
				GCC_WARN_UNDECLARED_SELECTOR = YES;
				GCC_WARN_UNINITIALIZED_AUTOS = YES_AGGRESSIVE;
				GCC_WARN_UNUSED_FUNCTION = YES;
				GCC_WARN_UNUSED_VARIABLE = YES;
				IPHONEOS_DEPLOYMENT_TARGET = 15.5;
				MTL_ENABLE_DEBUG_INFO = NO;
				MTL_FAST_MATH = YES;
				SDKROOT = iphoneos;
				SWIFT_COMPILATION_MODE = wholemodule;
				SWIFT_OPTIMIZATION_LEVEL = "-O";
				VALIDATE_PRODUCT = YES;
			};
			name = Release;
		};
		95BA04A0285DC1B100E398EE /* Debug */ = {
			isa = XCBuildConfiguration;
			baseConfigurationReference = 0232A5FC16996BFDDBA52000 /* Pods-FireStoreBasic.debug.xcconfig */;
			buildSettings = {
				ASSETCATALOG_COMPILER_APPICON_NAME = AppIcon;
				ASSETCATALOG_COMPILER_GLOBAL_ACCENT_COLOR_NAME = AccentColor;
				CODE_SIGN_STYLE = Automatic;
				CURRENT_PROJECT_VERSION = 1;
				DEVELOPMENT_TEAM = 7X9S244452;
				GENERATE_INFOPLIST_FILE = YES;
				INFOPLIST_FILE = FireStoreBasic/Info.plist;
				INFOPLIST_KEY_UIApplicationSupportsIndirectInputEvents = YES;
				INFOPLIST_KEY_UILaunchStoryboardName = LaunchScreen;
				INFOPLIST_KEY_UIMainStoryboardFile = Main;
				INFOPLIST_KEY_UISupportedInterfaceOrientations_iPad = "UIInterfaceOrientationPortrait UIInterfaceOrientationPortraitUpsideDown UIInterfaceOrientationLandscapeLeft UIInterfaceOrientationLandscapeRight";
				INFOPLIST_KEY_UISupportedInterfaceOrientations_iPhone = "UIInterfaceOrientationPortrait UIInterfaceOrientationLandscapeLeft UIInterfaceOrientationLandscapeRight";
				LD_RUNPATH_SEARCH_PATHS = (
					"$(inherited)",
					"@executable_path/Frameworks",
				);
				MARKETING_VERSION = 1.0;
				PRODUCT_BUNDLE_IDENTIFIER = com.mkondo.FireStoreBasic;
				PRODUCT_NAME = "$(TARGET_NAME)";
				SWIFT_EMIT_LOC_STRINGS = YES;
				SWIFT_VERSION = 5.0;
				TARGETED_DEVICE_FAMILY = "1,2";
			};
			name = Debug;
		};
		95BA04A1285DC1B100E398EE /* Release */ = {
			isa = XCBuildConfiguration;
			baseConfigurationReference = 9990E291DEC3C4A6A88EAFE3 /* Pods-FireStoreBasic.release.xcconfig */;
			buildSettings = {
				ASSETCATALOG_COMPILER_APPICON_NAME = AppIcon;
				ASSETCATALOG_COMPILER_GLOBAL_ACCENT_COLOR_NAME = AccentColor;
				CODE_SIGN_STYLE = Automatic;
				CURRENT_PROJECT_VERSION = 1;
				DEVELOPMENT_TEAM = 7X9S244452;
				GENERATE_INFOPLIST_FILE = YES;
				INFOPLIST_FILE = FireStoreBasic/Info.plist;
				INFOPLIST_KEY_UIApplicationSupportsIndirectInputEvents = YES;
				INFOPLIST_KEY_UILaunchStoryboardName = LaunchScreen;
				INFOPLIST_KEY_UIMainStoryboardFile = Main;
				INFOPLIST_KEY_UISupportedInterfaceOrientations_iPad = "UIInterfaceOrientationPortrait UIInterfaceOrientationPortraitUpsideDown UIInterfaceOrientationLandscapeLeft UIInterfaceOrientationLandscapeRight";
				INFOPLIST_KEY_UISupportedInterfaceOrientations_iPhone = "UIInterfaceOrientationPortrait UIInterfaceOrientationLandscapeLeft UIInterfaceOrientationLandscapeRight";
				LD_RUNPATH_SEARCH_PATHS = (
					"$(inherited)",
					"@executable_path/Frameworks",
				);
				MARKETING_VERSION = 1.0;
				PRODUCT_BUNDLE_IDENTIFIER = com.mkondo.FireStoreBasic;
				PRODUCT_NAME = "$(TARGET_NAME)";
				SWIFT_EMIT_LOC_STRINGS = YES;
				SWIFT_VERSION = 5.0;
				TARGETED_DEVICE_FAMILY = "1,2";
			};
			name = Release;
		};
/* End XCBuildConfiguration section */

/* Begin XCConfigurationList section */
		95BA0486285DC1B000E398EE /* Build configuration list for PBXProject "FireStoreBasic" */ = {
			isa = XCConfigurationList;
			buildConfigurations = (
				95BA049D285DC1B100E398EE /* Debug */,
				95BA049E285DC1B100E398EE /* Release */,
			);
			defaultConfigurationIsVisible = 0;
			defaultConfigurationName = Release;
		};
		95BA049F285DC1B100E398EE /* Build configuration list for PBXNativeTarget "FireStoreBasic" */ = {
			isa = XCConfigurationList;
			buildConfigurations = (
				95BA04A0285DC1B100E398EE /* Debug */,
				95BA04A1285DC1B100E398EE /* Release */,
			);
			defaultConfigurationIsVisible = 0;
			defaultConfigurationName = Release;
		};
/* End XCConfigurationList section */
	};
	rootObject = 95BA0483285DC1B000E398EE /* Project object */;
}
